{
  "pins" : [
    {
      "identity" : "drops",
      "kind" : "remoteSourceControl",
      "location" : "https://github.com/omaralbeik/Drops",
      "state" : {
        "revision" : "a183ee6f79f21c940092a19c2cba756555422371",
        "version" : "1.7.0"
      }
    },
    {
      "identity" : "voicerecorderkit",
      "kind" : "remoteSourceControl",
      "location" : "https://github.com/devdchaudhary/VoiceRecorderKit",
      "state" : {
        "branch" : "main",
        "revision" : "2af9066597257aeff5e95f7bfffdb50002a03d1b"
      }
    }
  ],
  "version" : 2
}
