// !$*UTF8*$!
{
	archiveVersion = 1;
	classes = {
	};
	objectVersion = 56;
	objects = {

/* Begin PBXBuildFile section */
		AF199AC72A9C34CD004EFCE5 /* CuestionarioViewController.swift in Sources */ = {isa = PBXBuildFile; fileRef = AF199AC62A9C34CD004EFCE5 /* CuestionarioViewController.swift */; };
		AF199ACC2A9C39D8004EFCE5 /* RadioButton.swift in Sources */ = {isa = PBXBuildFile; fileRef = AF199ACB2A9C39D8004EFCE5 /* RadioButton.swift */; };
		AF199AD42A9C807C004EFCE5 /* Question.swift in Sources */ = {isa = PBXBuildFile; fileRef = AF199AD32A9C807C004EFCE5 /* Question.swift */; };
		AF199AD62A9C80D2004EFCE5 /* QuestionData.swift in Sources */ = {isa = PBXBuildFile; fileRef = AF199AD52A9C80D2004EFCE5 /* QuestionData.swift */; };
		AF199AD82A9C85F2004EFCE5 /* preguntas.json in Resources */ = {isa = PBXBuildFile; fileRef = AF199AD72A9C85F2004EFCE5 /* preguntas.json */; };
		AF6BC92A2A9BD89800BA5FB1 /* AppDelegate.swift in Sources */ = {isa = PBXBuildFile; fileRef = AF6BC9292A9BD89800BA5FB1 /* AppDelegate.swift */; };
		AF6BC92C2A9BD89800BA5FB1 /* SceneDelegate.swift in Sources */ = {isa = PBXBuildFile; fileRef = AF6BC92B2A9BD89800BA5FB1 /* SceneDelegate.swift */; };
		AF6BC92E2A9BD89800BA5FB1 /* ViewController.swift in Sources */ = {isa = PBXBuildFile; fileRef = AF6BC92D2A9BD89800BA5FB1 /* ViewController.swift */; };
		AF6BC9312A9BD89800BA5FB1 /* Main.storyboard in Resources */ = {isa = PBXBuildFile; fileRef = AF6BC92F2A9BD89800BA5FB1 /* Main.storyboard */; };
		AF6BC9332A9BD89900BA5FB1 /* Assets.xcassets in Resources */ = {isa = PBXBuildFile; fileRef = AF6BC9322A9BD89900BA5FB1 /* Assets.xcassets */; };
		AF6BC9362A9BD89900BA5FB1 /* LaunchScreen.storyboard in Resources */ = {isa = PBXBuildFile; fileRef = AF6BC9342A9BD89900BA5FB1 /* LaunchScreen.storyboard */; };
		AF6BC9452A9BE4D800BA5FB1 /* LogInSignUpViewController.swift in Sources */ = {isa = PBXBuildFile; fileRef = AF6BC9442A9BE4D800BA5FB1 /* LogInSignUpViewController.swift */; };
		AF6BC9472A9BECDE00BA5FB1 /* LogInViewController.swift in Sources */ = {isa = PBXBuildFile; fileRef = AF6BC9462A9BECDE00BA5FB1 /* LogInViewController.swift */; };
		AF6BC9492A9C217100BA5FB1 /* SignUpEssentialsViewController.swift in Sources */ = {isa = PBXBuildFile; fileRef = AF6BC9482A9C217100BA5FB1 /* SignUpEssentialsViewController.swift */; };
		AFA67F0F2A9D5FC000FE69DB /* Answer.swift in Sources */ = {isa = PBXBuildFile; fileRef = AFA67F0E2A9D5FC000FE69DB /* Answer.swift */; };
/* End PBXBuildFile section */

/* Begin PBXFileReference section */
		AF199AC62A9C34CD004EFCE5 /* CuestionarioViewController.swift */ = {isa = PBXFileReference; lastKnownFileType = sourcecode.swift; path = CuestionarioViewController.swift; sourceTree = "<group>"; };
		AF199ACB2A9C39D8004EFCE5 /* RadioButton.swift */ = {isa = PBXFileReference; lastKnownFileType = sourcecode.swift; path = RadioButton.swift; sourceTree = "<group>"; };
		AF199AD32A9C807C004EFCE5 /* Question.swift */ = {isa = PBXFileReference; lastKnownFileType = sourcecode.swift; path = Question.swift; sourceTree = "<group>"; };
		AF199AD52A9C80D2004EFCE5 /* QuestionData.swift */ = {isa = PBXFileReference; lastKnownFileType = sourcecode.swift; path = QuestionData.swift; sourceTree = "<group>"; };
		AF199AD72A9C85F2004EFCE5 /* preguntas.json */ = {isa = PBXFileReference; fileEncoding = 4; lastKnownFileType = text.json; path = preguntas.json; sourceTree = "<group>"; };
		AF6BC9262A9BD89800BA5FB1 /* SEL4C.app */ = {isa = PBXFileReference; explicitFileType = wrapper.application; includeInIndex = 0; path = SEL4C.app; sourceTree = BUILT_PRODUCTS_DIR; };
		AF6BC9292A9BD89800BA5FB1 /* AppDelegate.swift */ = {isa = PBXFileReference; lastKnownFileType = sourcecode.swift; path = AppDelegate.swift; sourceTree = "<group>"; };
		AF6BC92B2A9BD89800BA5FB1 /* SceneDelegate.swift */ = {isa = PBXFileReference; lastKnownFileType = sourcecode.swift; path = SceneDelegate.swift; sourceTree = "<group>"; };
		AF6BC92D2A9BD89800BA5FB1 /* ViewController.swift */ = {isa = PBXFileReference; lastKnownFileType = sourcecode.swift; path = ViewController.swift; sourceTree = "<group>"; };
		AF6BC9302A9BD89800BA5FB1 /* Base */ = {isa = PBXFileReference; lastKnownFileType = file.storyboard; name = Base; path = Base.lproj/Main.storyboard; sourceTree = "<group>"; };
		AF6BC9322A9BD89900BA5FB1 /* Assets.xcassets */ = {isa = PBXFileReference; lastKnownFileType = folder.assetcatalog; path = Assets.xcassets; sourceTree = "<group>"; };
		AF6BC9352A9BD89900BA5FB1 /* Base */ = {isa = PBXFileReference; lastKnownFileType = file.storyboard; name = Base; path = Base.lproj/LaunchScreen.storyboard; sourceTree = "<group>"; };
		AF6BC9372A9BD89900BA5FB1 /* Info.plist */ = {isa = PBXFileReference; lastKnownFileType = text.plist.xml; path = Info.plist; sourceTree = "<group>"; };
		AF6BC9442A9BE4D800BA5FB1 /* LogInSignUpViewController.swift */ = {isa = PBXFileReference; lastKnownFileType = sourcecode.swift; path = LogInSignUpViewController.swift; sourceTree = "<group>"; };
		AF6BC9462A9BECDE00BA5FB1 /* LogInViewController.swift */ = {isa = PBXFileReference; lastKnownFileType = sourcecode.swift; path = LogInViewController.swift; sourceTree = "<group>"; };
		AF6BC9482A9C217100BA5FB1 /* SignUpEssentialsViewController.swift */ = {isa = PBXFileReference; lastKnownFileType = sourcecode.swift; path = SignUpEssentialsViewController.swift; sourceTree = "<group>"; };
		AFA67F0E2A9D5FC000FE69DB /* Answer.swift */ = {isa = PBXFileReference; lastKnownFileType = sourcecode.swift; path = Answer.swift; sourceTree = "<group>"; };
/* End PBXFileReference section */

/* Begin PBXFrameworksBuildPhase section */
		AF6BC9232A9BD89800BA5FB1 /* Frameworks */ = {
			isa = PBXFrameworksBuildPhase;
			buildActionMask = 2147483647;
			files = (
			);
			runOnlyForDeploymentPostprocessing = 0;
		};
/* End PBXFrameworksBuildPhase section */

/* Begin PBXGroup section */
		AF199AC82A9C397D004EFCE5 /* Classes */ = {
			isa = PBXGroup;
			children = (
				AF199ACB2A9C39D8004EFCE5 /* RadioButton.swift */,
			);
			path = Classes;
			sourceTree = "<group>";
		};
		AF199ACF2A9C8029004EFCE5 /* Models */ = {
			isa = PBXGroup;
			children = (
				AF199AD32A9C807C004EFCE5 /* Question.swift */,
				AF199AD52A9C80D2004EFCE5 /* QuestionData.swift */,
				AFA67F0E2A9D5FC000FE69DB /* Answer.swift */,
			);
			path = Models;
			sourceTree = "<group>";
		};
		AF199AD02A9C8035004EFCE5 /* Resources */ = {
			isa = PBXGroup;
			children = (
				AF199AD72A9C85F2004EFCE5 /* preguntas.json */,
			);
			path = Resources;
			sourceTree = "<group>";
		};
		AF6BC91D2A9BD89800BA5FB1 = {
			isa = PBXGroup;
			children = (
				AF6BC9282A9BD89800BA5FB1 /* SEL4C */,
				AF6BC9272A9BD89800BA5FB1 /* Products */,
			);
			sourceTree = "<group>";
		};
		AF6BC9272A9BD89800BA5FB1 /* Products */ = {
			isa = PBXGroup;
			children = (
				AF6BC9262A9BD89800BA5FB1 /* SEL4C.app */,
			);
			name = Products;
			sourceTree = "<group>";
		};
		AF6BC9282A9BD89800BA5FB1 /* SEL4C */ = {
			isa = PBXGroup;
			children = (
				AF199AD02A9C8035004EFCE5 /* Resources */,
				AF199ACF2A9C8029004EFCE5 /* Models */,
				AF199AC82A9C397D004EFCE5 /* Classes */,
				AF6BC93E2A9BE17900BA5FB1 /* Views */,
				AF6BC93D2A9BE15800BA5FB1 /* Natives */,
				AF6BC9322A9BD89900BA5FB1 /* Assets.xcassets */,
				AF6BC9342A9BD89900BA5FB1 /* LaunchScreen.storyboard */,
				AF6BC92F2A9BD89800BA5FB1 /* Main.storyboard */,
				AF6BC9372A9BD89900BA5FB1 /* Info.plist */,
			);
			path = SEL4C;
			sourceTree = "<group>";
		};
		AF6BC93D2A9BE15800BA5FB1 /* Natives */ = {
			isa = PBXGroup;
			children = (
				AF6BC92B2A9BD89800BA5FB1 /* SceneDelegate.swift */,
				AF6BC9292A9BD89800BA5FB1 /* AppDelegate.swift */,
			);
			path = Natives;
			sourceTree = "<group>";
		};
		AF6BC93E2A9BE17900BA5FB1 /* Views */ = {
			isa = PBXGroup;
			children = (
				AF6BC92D2A9BD89800BA5FB1 /* ViewController.swift */,
				AF6BC9442A9BE4D800BA5FB1 /* LogInSignUpViewController.swift */,
				AF6BC9462A9BECDE00BA5FB1 /* LogInViewController.swift */,
				AF6BC9482A9C217100BA5FB1 /* SignUpEssentialsViewController.swift */,
				AF199AC62A9C34CD004EFCE5 /* CuestionarioViewController.swift */,
			);
			path = Views;
			sourceTree = "<group>";
		};
/* End PBXGroup section */

/* Begin PBXNativeTarget section */
		AF6BC9252A9BD89800BA5FB1 /* SEL4C */ = {
			isa = PBXNativeTarget;
			buildConfigurationList = AF6BC93A2A9BD89900BA5FB1 /* Build configuration list for PBXNativeTarget "SEL4C" */;
			buildPhases = (
				AF6BC9222A9BD89800BA5FB1 /* Sources */,
				AF6BC9232A9BD89800BA5FB1 /* Frameworks */,
				AF6BC9242A9BD89800BA5FB1 /* Resources */,
			);
			buildRules = (
			);
			dependencies = (
			);
			name = SEL4C;
			productName = SEL4C;
			productReference = AF6BC9262A9BD89800BA5FB1 /* SEL4C.app */;
			productType = "com.apple.product-type.application";
		};
/* End PBXNativeTarget section */

/* Begin PBXProject section */
		AF6BC91E2A9BD89800BA5FB1 /* Project object */ = {
			isa = PBXProject;
			attributes = {
				BuildIndependentTargetsInParallel = 1;
				LastSwiftUpdateCheck = 1430;
				LastUpgradeCheck = 1430;
				TargetAttributes = {
					AF6BC9252A9BD89800BA5FB1 = {
						CreatedOnToolsVersion = 14.3.1;
					};
				};
			};
			buildConfigurationList = AF6BC9212A9BD89800BA5FB1 /* Build configuration list for PBXProject "SEL4C" */;
			compatibilityVersion = "Xcode 14.0";
			developmentRegion = en;
			hasScannedForEncodings = 0;
			knownRegions = (
				en,
				Base,
			);
			mainGroup = AF6BC91D2A9BD89800BA5FB1;
			productRefGroup = AF6BC9272A9BD89800BA5FB1 /* Products */;
			projectDirPath = "";
			projectRoot = "";
			targets = (
				AF6BC9252A9BD89800BA5FB1 /* SEL4C */,
			);
		};
/* End PBXProject section */

/* Begin PBXResourcesBuildPhase section */
		AF6BC9242A9BD89800BA5FB1 /* Resources */ = {
			isa = PBXResourcesBuildPhase;
			buildActionMask = 2147483647;
			files = (
				AF6BC9362A9BD89900BA5FB1 /* LaunchScreen.storyboard in Resources */,
				AF6BC9332A9BD89900BA5FB1 /* Assets.xcassets in Resources */,
				AF6BC9312A9BD89800BA5FB1 /* Main.storyboard in Resources */,
				AF199AD82A9C85F2004EFCE5 /* preguntas.json in Resources */,
			);
			runOnlyForDeploymentPostprocessing = 0;
		};
/* End PBXResourcesBuildPhase section */

/* Begin PBXSourcesBuildPhase section */
		AF6BC9222A9BD89800BA5FB1 /* Sources */ = {
			isa = PBXSourcesBuildPhase;
			buildActionMask = 2147483647;
			files = (
				AF6BC9452A9BE4D800BA5FB1 /* LogInSignUpViewController.swift in Sources */,
				AF6BC92E2A9BD89800BA5FB1 /* ViewController.swift in Sources */,
				AF6BC92A2A9BD89800BA5FB1 /* AppDelegate.swift in Sources */,
				AF199AD42A9C807C004EFCE5 /* Question.swift in Sources */,
				AF6BC9472A9BECDE00BA5FB1 /* LogInViewController.swift in Sources */,
				AFA67F0F2A9D5FC000FE69DB /* Answer.swift in Sources */,
				AF199AC72A9C34CD004EFCE5 /* CuestionarioViewController.swift in Sources */,
				AF6BC92C2A9BD89800BA5FB1 /* SceneDelegate.swift in Sources */,
				AF199AD62A9C80D2004EFCE5 /* QuestionData.swift in Sources */,
				AF6BC9492A9C217100BA5FB1 /* SignUpEssentialsViewController.swift in Sources */,
				AF199ACC2A9C39D8004EFCE5 /* RadioButton.swift in Sources */,
			);
			runOnlyForDeploymentPostprocessing = 0;
		};
/* End PBXSourcesBuildPhase section */

/* Begin PBXVariantGroup section */
		AF6BC92F2A9BD89800BA5FB1 /* Main.storyboard */ = {
			isa = PBXVariantGroup;
			children = (
				AF6BC9302A9BD89800BA5FB1 /* Base */,
			);
			name = Main.storyboard;
			sourceTree = "<group>";
		};
		AF6BC9342A9BD89900BA5FB1 /* LaunchScreen.storyboard */ = {
			isa = PBXVariantGroup;
			children = (
				AF6BC9352A9BD89900BA5FB1 /* Base */,
			);
			name = LaunchScreen.storyboard;
			sourceTree = "<group>";
		};
/* End PBXVariantGroup section */

/* Begin XCBuildConfiguration section */
		AF6BC9382A9BD89900BA5FB1 /* Debug */ = {
			isa = XCBuildConfiguration;
			buildSettings = {
				ALWAYS_SEARCH_USER_PATHS = NO;
				CLANG_ANALYZER_NONNULL = YES;
				CLANG_ANALYZER_NUMBER_OBJECT_CONVERSION = YES_AGGRESSIVE;
				CLANG_CXX_LANGUAGE_STANDARD = "gnu++20";
				CLANG_ENABLE_MODULES = YES;
				CLANG_ENABLE_OBJC_ARC = YES;
				CLANG_ENABLE_OBJC_WEAK = YES;
				CLANG_WARN_BLOCK_CAPTURE_AUTORELEASING = YES;
				CLANG_WARN_BOOL_CONVERSION = YES;
				CLANG_WARN_COMMA = YES;
				CLANG_WARN_CONSTANT_CONVERSION = YES;
				CLANG_WARN_DEPRECATED_OBJC_IMPLEMENTATIONS = YES;
				CLANG_WARN_DIRECT_OBJC_ISA_USAGE = YES_ERROR;
				CLANG_WARN_DOCUMENTATION_COMMENTS = YES;
				CLANG_WARN_EMPTY_BODY = YES;
				CLANG_WARN_ENUM_CONVERSION = YES;
				CLANG_WARN_INFINITE_RECURSION = YES;
				CLANG_WARN_INT_CONVERSION = YES;
				CLANG_WARN_NON_LITERAL_NULL_CONVERSION = YES;
				CLANG_WARN_OBJC_IMPLICIT_RETAIN_SELF = YES;
				CLANG_WARN_OBJC_LITERAL_CONVERSION = YES;
				CLANG_WARN_OBJC_ROOT_CLASS = YES_ERROR;
				CLANG_WARN_QUOTED_INCLUDE_IN_FRAMEWORK_HEADER = YES;
				CLANG_WARN_RANGE_LOOP_ANALYSIS = YES;
				CLANG_WARN_STRICT_PROTOTYPES = YES;
				CLANG_WARN_SUSPICIOUS_MOVE = YES;
				CLANG_WARN_UNGUARDED_AVAILABILITY = YES_AGGRESSIVE;
				CLANG_WARN_UNREACHABLE_CODE = YES;
				CLANG_WARN__DUPLICATE_METHOD_MATCH = YES;
				COPY_PHASE_STRIP = NO;
				DEBUG_INFORMATION_FORMAT = dwarf;
				ENABLE_STRICT_OBJC_MSGSEND = YES;
				ENABLE_TESTABILITY = YES;
				GCC_C_LANGUAGE_STANDARD = gnu11;
				GCC_DYNAMIC_NO_PIC = NO;
				GCC_NO_COMMON_BLOCKS = YES;
				GCC_OPTIMIZATION_LEVEL = 0;
				GCC_PREPROCESSOR_DEFINITIONS = (
					"DEBUG=1",
					"$(inherited)",
				);
				GCC_WARN_64_TO_32_BIT_CONVERSION = YES;
				GCC_WARN_ABOUT_RETURN_TYPE = YES_ERROR;
				GCC_WARN_UNDECLARED_SELECTOR = YES;
				GCC_WARN_UNINITIALIZED_AUTOS = YES_AGGRESSIVE;
				GCC_WARN_UNUSED_FUNCTION = YES;
				GCC_WARN_UNUSED_VARIABLE = YES;
				IPHONEOS_DEPLOYMENT_TARGET = 16.4;
				MTL_ENABLE_DEBUG_INFO = INCLUDE_SOURCE;
				MTL_FAST_MATH = YES;
				ONLY_ACTIVE_ARCH = YES;
				SDKROOT = iphoneos;
				SWIFT_ACTIVE_COMPILATION_CONDITIONS = DEBUG;
				SWIFT_OPTIMIZATION_LEVEL = "-Onone";
			};
			name = Debug;
		};
		AF6BC9392A9BD89900BA5FB1 /* Release */ = {
			isa = XCBuildConfiguration;
			buildSettings = {
				ALWAYS_SEARCH_USER_PATHS = NO;
				CLANG_ANALYZER_NONNULL = YES;
				CLANG_ANALYZER_NUMBER_OBJECT_CONVERSION = YES_AGGRESSIVE;
				CLANG_CXX_LANGUAGE_STANDARD = "gnu++20";
				CLANG_ENABLE_MODULES = YES;
				CLANG_ENABLE_OBJC_ARC = YES;
				CLANG_ENABLE_OBJC_WEAK = YES;
				CLANG_WARN_BLOCK_CAPTURE_AUTORELEASING = YES;
				CLANG_WARN_BOOL_CONVERSION = YES;
				CLANG_WARN_COMMA = YES;
				CLANG_WARN_CONSTANT_CONVERSION = YES;
				CLANG_WARN_DEPRECATED_OBJC_IMPLEMENTATIONS = YES;
				CLANG_WARN_DIRECT_OBJC_ISA_USAGE = YES_ERROR;
				CLANG_WARN_DOCUMENTATION_COMMENTS = YES;
				CLANG_WARN_EMPTY_BODY = YES;
				CLANG_WARN_ENUM_CONVERSION = YES;
				CLANG_WARN_INFINITE_RECURSION = YES;
				CLANG_WARN_INT_CONVERSION = YES;
				CLANG_WARN_NON_LITERAL_NULL_CONVERSION = YES;
				CLANG_WARN_OBJC_IMPLICIT_RETAIN_SELF = YES;
				CLANG_WARN_OBJC_LITERAL_CONVERSION = YES;
				CLANG_WARN_OBJC_ROOT_CLASS = YES_ERROR;
				CLANG_WARN_QUOTED_INCLUDE_IN_FRAMEWORK_HEADER = YES;
				CLANG_WARN_RANGE_LOOP_ANALYSIS = YES;
				CLANG_WARN_STRICT_PROTOTYPES = YES;
				CLANG_WARN_SUSPICIOUS_MOVE = YES;
				CLANG_WARN_UNGUARDED_AVAILABILITY = YES_AGGRESSIVE;
				CLANG_WARN_UNREACHABLE_CODE = YES;
				CLANG_WARN__DUPLICATE_METHOD_MATCH = YES;
				COPY_PHASE_STRIP = NO;
				DEBUG_INFORMATION_FORMAT = "dwarf-with-dsym";
				ENABLE_NS_ASSERTIONS = NO;
				ENABLE_STRICT_OBJC_MSGSEND = YES;
				GCC_C_LANGUAGE_STANDARD = gnu11;
				GCC_NO_COMMON_BLOCKS = YES;
				GCC_WARN_64_TO_32_BIT_CONVERSION = YES;
				GCC_WARN_ABOUT_RETURN_TYPE = YES_ERROR;
				GCC_WARN_UNDECLARED_SELECTOR = YES;
				GCC_WARN_UNINITIALIZED_AUTOS = YES_AGGRESSIVE;
				GCC_WARN_UNUSED_FUNCTION = YES;
				GCC_WARN_UNUSED_VARIABLE = YES;
				IPHONEOS_DEPLOYMENT_TARGET = 16.4;
				MTL_ENABLE_DEBUG_INFO = NO;
				MTL_FAST_MATH = YES;
				SDKROOT = iphoneos;
				SWIFT_COMPILATION_MODE = wholemodule;
				SWIFT_OPTIMIZATION_LEVEL = "-O";
				VALIDATE_PRODUCT = YES;
			};
			name = Release;
		};
		AF6BC93B2A9BD89900BA5FB1 /* Debug */ = {
			isa = XCBuildConfiguration;
			buildSettings = {
				ASSETCATALOG_COMPILER_APPICON_NAME = AppIcon;
				ASSETCATALOG_COMPILER_GLOBAL_ACCENT_COLOR_NAME = AccentColor;
				CODE_SIGN_STYLE = Automatic;
				CURRENT_PROJECT_VERSION = 1;
				DEVELOPMENT_TEAM = AK54YPU54V;
				GENERATE_INFOPLIST_FILE = YES;
				INFOPLIST_FILE = SEL4C/Info.plist;
				INFOPLIST_KEY_UIApplicationSupportsIndirectInputEvents = YES;
				INFOPLIST_KEY_UILaunchStoryboardName = LaunchScreen.storyboard;
				INFOPLIST_KEY_UIMainStoryboardFile = Main;
				INFOPLIST_KEY_UISupportedInterfaceOrientations = UIInterfaceOrientationPortrait;
				INFOPLIST_KEY_UISupportedInterfaceOrientations_iPad = "UIInterfaceOrientationLandscapeLeft UIInterfaceOrientationLandscapeRight UIInterfaceOrientationPortrait UIInterfaceOrientationPortraitUpsideDown";
				LD_RUNPATH_SEARCH_PATHS = (
					"$(inherited)",
					"@executable_path/Frameworks",
				);
				MARKETING_VERSION = 1.0;
				PRODUCT_BUNDLE_IDENTIFIER = mx.tec.SEL4C;
				PRODUCT_NAME = "$(TARGET_NAME)";
				SUPPORTED_PLATFORMS = "iphoneos iphonesimulator";
				SUPPORTS_MACCATALYST = NO;
				SUPPORTS_MAC_DESIGNED_FOR_IPHONE_IPAD = NO;
				SWIFT_EMIT_LOC_STRINGS = YES;
				SWIFT_VERSION = 5.0;
				TARGETED_DEVICE_FAMILY = 1;
			};
			name = Debug;
		};
		AF6BC93C2A9BD89900BA5FB1 /* Release */ = {
			isa = XCBuildConfiguration;
			buildSettings = {
				ASSETCATALOG_COMPILER_APPICON_NAME = AppIcon;
				ASSETCATALOG_COMPILER_GLOBAL_ACCENT_COLOR_NAME = AccentColor;
				CODE_SIGN_STYLE = Automatic;
				CURRENT_PROJECT_VERSION = 1;
				DEVELOPMENT_TEAM = AK54YPU54V;
				GENERATE_INFOPLIST_FILE = YES;
				INFOPLIST_FILE = SEL4C/Info.plist;
				INFOPLIST_KEY_UIApplicationSupportsIndirectInputEvents = YES;
				INFOPLIST_KEY_UILaunchStoryboardName = LaunchScreen.storyboard;
				INFOPLIST_KEY_UIMainStoryboardFile = Main;
				INFOPLIST_KEY_UISupportedInterfaceOrientations = UIInterfaceOrientationPortrait;
				INFOPLIST_KEY_UISupportedInterfaceOrientations_iPad = "UIInterfaceOrientationLandscapeLeft UIInterfaceOrientationLandscapeRight UIInterfaceOrientationPortrait UIInterfaceOrientationPortraitUpsideDown";
				LD_RUNPATH_SEARCH_PATHS = (
					"$(inherited)",
					"@executable_path/Frameworks",
				);
				MARKETING_VERSION = 1.0;
				PRODUCT_BUNDLE_IDENTIFIER = mx.tec.SEL4C;
				PRODUCT_NAME = "$(TARGET_NAME)";
				SUPPORTED_PLATFORMS = "iphoneos iphonesimulator";
				SUPPORTS_MACCATALYST = NO;
				SUPPORTS_MAC_DESIGNED_FOR_IPHONE_IPAD = NO;
				SWIFT_EMIT_LOC_STRINGS = YES;
				SWIFT_VERSION = 5.0;
				TARGETED_DEVICE_FAMILY = 1;
			};
			name = Release;
		};
/* End XCBuildConfiguration section */

/* Begin XCConfigurationList section */
		AF6BC9212A9BD89800BA5FB1 /* Build configuration list for PBXProject "SEL4C" */ = {
			isa = XCConfigurationList;
			buildConfigurations = (
				AF6BC9382A9BD89900BA5FB1 /* Debug */,
				AF6BC9392A9BD89900BA5FB1 /* Release */,
			);
			defaultConfigurationIsVisible = 0;
			defaultConfigurationName = Release;
		};
		AF6BC93A2A9BD89900BA5FB1 /* Build configuration list for PBXNativeTarget "SEL4C" */ = {
			isa = XCConfigurationList;
			buildConfigurations = (
				AF6BC93B2A9BD89900BA5FB1 /* Debug */,
				AF6BC93C2A9BD89900BA5FB1 /* Release */,
			);
			defaultConfigurationIsVisible = 0;
			defaultConfigurationName = Release;
		};
/* End XCConfigurationList section */
	};
	rootObject = AF6BC91E2A9BD89800BA5FB1 /* Project object */;
}
