// !$*UTF8*$!
{
	archiveVersion = 1;
	classes = {
	};
	objectVersion = 56;
	objects = {

/* Begin PBXBuildFile section */
		751E85A52ACFD59600DDCF7A /* Activity5MainViewController.swift in Sources */ = {isa = PBXBuildFile; fileRef = 751E85A42ACFD59600DDCF7A /* Activity5MainViewController.swift */; };
		751E85A72ACFD5B700DDCF7A /* Activity5UploadViewController.swift in Sources */ = {isa = PBXBuildFile; fileRef = 751E85A62ACFD5B700DDCF7A /* Activity5UploadViewController.swift */; };
		751E85A92ACFDC8800DDCF7A /* Activity4_1Main2ViewController.swift in Sources */ = {isa = PBXBuildFile; fileRef = 751E85A82ACFDC8800DDCF7A /* Activity4_1Main2ViewController.swift */; };
		752931BC2AAF9A560074A323 /* ActividadesViewController.swift in Sources */ = {isa = PBXBuildFile; fileRef = 752931BB2AAF9A560074A323 /* ActividadesViewController.swift */; };
		753636D52AC5DF800042F7C1 /* Activity1_3UploadViewController.swift in Sources */ = {isa = PBXBuildFile; fileRef = 753636D42AC5DF800042F7C1 /* Activity1_3UploadViewController.swift */; };
		753636D72AC5E3380042F7C1 /* Activity2_1UploadViewController.swift in Sources */ = {isa = PBXBuildFile; fileRef = 753636D62AC5E3380042F7C1 /* Activity2_1UploadViewController.swift */; };
		753636D92AC5E64A0042F7C1 /* Activity2_3UploadViewController.swift in Sources */ = {isa = PBXBuildFile; fileRef = 753636D82AC5E64A0042F7C1 /* Activity2_3UploadViewController.swift */; };
		753636DB2AC5E7D60042F7C1 /* Activity2_2UploadViewController.swift in Sources */ = {isa = PBXBuildFile; fileRef = 753636DA2AC5E7D60042F7C1 /* Activity2_2UploadViewController.swift */; };
		753636DD2AC5E82C0042F7C1 /* Activity1_2UploadViewController.swift in Sources */ = {isa = PBXBuildFile; fileRef = 753636DC2AC5E82C0042F7C1 /* Activity1_2UploadViewController.swift */; };
		753636E72AC5EB470042F7C1 /* Activity3_1MainViewController.swift in Sources */ = {isa = PBXBuildFile; fileRef = 753636E62AC5EB470042F7C1 /* Activity3_1MainViewController.swift */; };
		753636E92AC5EB630042F7C1 /* Activity3_2MainViewController.swift in Sources */ = {isa = PBXBuildFile; fileRef = 753636E82AC5EB630042F7C1 /* Activity3_2MainViewController.swift */; };
		753636EB2AC5EB740042F7C1 /* Activity4_1MainViewController.swift in Sources */ = {isa = PBXBuildFile; fileRef = 753636EA2AC5EB740042F7C1 /* Activity4_1MainViewController.swift */; };
		753636ED2AC5EB810042F7C1 /* Activity4_2MainViewController.swift in Sources */ = {isa = PBXBuildFile; fileRef = 753636EC2AC5EB810042F7C1 /* Activity4_2MainViewController.swift */; };
		753636EF2AC5EE560042F7C1 /* Activity3_1UploadViewController.swift in Sources */ = {isa = PBXBuildFile; fileRef = 753636EE2AC5EE560042F7C1 /* Activity3_1UploadViewController.swift */; };
		753636F12AC5EE660042F7C1 /* Activity3_2UploadViewController.swift in Sources */ = {isa = PBXBuildFile; fileRef = 753636F02AC5EE660042F7C1 /* Activity3_2UploadViewController.swift */; };
		753636F32AC5EE760042F7C1 /* Activity4_1UploadViewController.swift in Sources */ = {isa = PBXBuildFile; fileRef = 753636F22AC5EE760042F7C1 /* Activity4_1UploadViewController.swift */; };
		753636F52AC5EE8A0042F7C1 /* Activity4_2UploadViewController.swift in Sources */ = {isa = PBXBuildFile; fileRef = 753636F42AC5EE8A0042F7C1 /* Activity4_2UploadViewController.swift */; };
		753636FB2AC6A7AF0042F7C1 /* Activity1_3EntryViewController.swift in Sources */ = {isa = PBXBuildFile; fileRef = 753636FA2AC6A7AF0042F7C1 /* Activity1_3EntryViewController.swift */; };
		75D08B502AC8D76A005BAA9F /* Activity1_3ObservationViewController.swift in Sources */ = {isa = PBXBuildFile; fileRef = 75D08B4F2AC8D76A005BAA9F /* Activity1_3ObservationViewController.swift */; };
		75D08B522AC8E0EE005BAA9F /* ActividadTerminadaViewController.swift in Sources */ = {isa = PBXBuildFile; fileRef = 75D08B512AC8E0EE005BAA9F /* ActividadTerminadaViewController.swift */; };
		75D08B542AC8F550005BAA9F /* Activity2_2EntryViewController.swift in Sources */ = {isa = PBXBuildFile; fileRef = 75D08B532AC8F550005BAA9F /* Activity2_2EntryViewController.swift */; };
		75D08B562AC90B81005BAA9F /* Activity2_2ProblemViewController.swift in Sources */ = {isa = PBXBuildFile; fileRef = 75D08B552AC90B81005BAA9F /* Activity2_2ProblemViewController.swift */; };
		75D08B582AC913DD005BAA9F /* Activity3_1EntryViewController.swift in Sources */ = {isa = PBXBuildFile; fileRef = 75D08B572AC913DD005BAA9F /* Activity3_1EntryViewController.swift */; };
		75D08B5A2AC91417005BAA9F /* Activity3_1ProblemViewController.swift in Sources */ = {isa = PBXBuildFile; fileRef = 75D08B592AC91417005BAA9F /* Activity3_1ProblemViewController.swift */; };
		AF15349A2AD0B44B0091EC1D /* ResetUserDefaultsExtension.swift in Sources */ = {isa = PBXBuildFile; fileRef = AF1534992AD0B44B0091EC1D /* ResetUserDefaultsExtension.swift */; };
		AF199AC72A9C34CD004EFCE5 /* CuestionarioViewController.swift in Sources */ = {isa = PBXBuildFile; fileRef = AF199AC62A9C34CD004EFCE5 /* CuestionarioViewController.swift */; };
		AF199ACC2A9C39D8004EFCE5 /* RadioButton.swift in Sources */ = {isa = PBXBuildFile; fileRef = AF199ACB2A9C39D8004EFCE5 /* RadioButton.swift */; };
		AF199AD42A9C807C004EFCE5 /* Question.swift in Sources */ = {isa = PBXBuildFile; fileRef = AF199AD32A9C807C004EFCE5 /* Question.swift */; };
		AF199AD62A9C80D2004EFCE5 /* JsonData.swift in Sources */ = {isa = PBXBuildFile; fileRef = AF199AD52A9C80D2004EFCE5 /* JsonData.swift */; };
		AF199AD82A9C85F2004EFCE5 /* preguntas.json in Resources */ = {isa = PBXBuildFile; fileRef = AF199AD72A9C85F2004EFCE5 /* preguntas.json */; };
		AF1D41C62AC1397F009D026F /* Activity1_3MainViewController.swift in Sources */ = {isa = PBXBuildFile; fileRef = AF1D41C52AC1397F009D026F /* Activity1_3MainViewController.swift */; };
		AF1D41C82AC13BDD009D026F /* Activity2_1MainViewController.swift in Sources */ = {isa = PBXBuildFile; fileRef = AF1D41C72AC13BDD009D026F /* Activity2_1MainViewController.swift */; };
		AF1D41CA2AC13BE5009D026F /* Activity2_2MainViewController.swift in Sources */ = {isa = PBXBuildFile; fileRef = AF1D41C92AC13BE5009D026F /* Activity2_2MainViewController.swift */; };
		AF1D41CC2AC13BED009D026F /* Activity2_3MainViewController.swift in Sources */ = {isa = PBXBuildFile; fileRef = AF1D41CB2AC13BED009D026F /* Activity2_3MainViewController.swift */; };
		AF1D41CE2AC14EB8009D026F /* Activity1_1UploadViewController.swift in Sources */ = {isa = PBXBuildFile; fileRef = AF1D41CD2AC14EB8009D026F /* Activity1_1UploadViewController.swift */; };
		AF1D41D02AC167DC009D026F /* Activity1_1RetroViewController.swift in Sources */ = {isa = PBXBuildFile; fileRef = AF1D41CF2AC167DC009D026F /* Activity1_1RetroViewController.swift */; };
		AF435EF72AD1308000B20D76 /* PreviousViewControllerExtension.swift in Sources */ = {isa = PBXBuildFile; fileRef = AF435EF62AD1308000B20D76 /* PreviousViewControllerExtension.swift */; };
		AF435EFB2AD1353B00B20D76 /* MainUITabBarViewController.swift in Sources */ = {isa = PBXBuildFile; fileRef = AF435EFA2AD1353B00B20D76 /* MainUITabBarViewController.swift */; };
		AF435F002AD187C000B20D76 /* MyProfileViewController.swift in Sources */ = {isa = PBXBuildFile; fileRef = AF435EFF2AD187C000B20D76 /* MyProfileViewController.swift */; };
		AF435F022AD189D700B20D76 /* PaddingLabel.swift in Sources */ = {isa = PBXBuildFile; fileRef = AF435F012AD189D700B20D76 /* PaddingLabel.swift */; };
		AF486D6C2ABBA4C40014089D /* SignUpEssentials2ViewController.swift in Sources */ = {isa = PBXBuildFile; fileRef = AF486D6B2ABBA4C40014089D /* SignUpEssentials2ViewController.swift */; };
		AF486D702ABCB4E00014089D /* countries.json in Resources */ = {isa = PBXBuildFile; fileRef = AF486D6F2ABCB4E00014089D /* countries.json */; };
		AF486D722ABCB5590014089D /* Country.swift in Sources */ = {isa = PBXBuildFile; fileRef = AF486D712ABCB5590014089D /* Country.swift */; };
		AF486D742ABCB9560014089D /* JsonReader.swift in Sources */ = {isa = PBXBuildFile; fileRef = AF486D732ABCB9560014089D /* JsonReader.swift */; };
		AF486D762ABCD8130014089D /* User.swift in Sources */ = {isa = PBXBuildFile; fileRef = AF486D752ABCD8130014089D /* User.swift */; };
		AF486D782ABCFD3E0014089D /* HeightProgressBar.swift in Sources */ = {isa = PBXBuildFile; fileRef = AF486D772ABCFD3E0014089D /* HeightProgressBar.swift */; };
		AF486D7B2ABD00CA0014089D /* CollapseKeyboardExtension.swift in Sources */ = {isa = PBXBuildFile; fileRef = AF486D7A2ABD00CA0014089D /* CollapseKeyboardExtension.swift */; };
		AF486D7D2ABD00FD0014089D /* DynamicBorderRadius.swift in Sources */ = {isa = PBXBuildFile; fileRef = AF486D7C2ABD00FD0014089D /* DynamicBorderRadius.swift */; };
		AF6BC92A2A9BD89800BA5FB1 /* AppDelegate.swift in Sources */ = {isa = PBXBuildFile; fileRef = AF6BC9292A9BD89800BA5FB1 /* AppDelegate.swift */; };
		AF6BC92C2A9BD89800BA5FB1 /* SceneDelegate.swift in Sources */ = {isa = PBXBuildFile; fileRef = AF6BC92B2A9BD89800BA5FB1 /* SceneDelegate.swift */; };
		AF6BC92E2A9BD89800BA5FB1 /* ResultadosViewController.swift in Sources */ = {isa = PBXBuildFile; fileRef = AF6BC92D2A9BD89800BA5FB1 /* ResultadosViewController.swift */; };
		AF6BC9312A9BD89800BA5FB1 /* Main.storyboard in Resources */ = {isa = PBXBuildFile; fileRef = AF6BC92F2A9BD89800BA5FB1 /* Main.storyboard */; settings = {ASSET_TAGS = (Resultados, ); }; };
		AF6BC9332A9BD89900BA5FB1 /* Assets.xcassets in Resources */ = {isa = PBXBuildFile; fileRef = AF6BC9322A9BD89900BA5FB1 /* Assets.xcassets */; };
		AF6BC9362A9BD89900BA5FB1 /* LaunchScreen.storyboard in Resources */ = {isa = PBXBuildFile; fileRef = AF6BC9342A9BD89900BA5FB1 /* LaunchScreen.storyboard */; };
		AF6BC9452A9BE4D800BA5FB1 /* LogInSignUpViewController.swift in Sources */ = {isa = PBXBuildFile; fileRef = AF6BC9442A9BE4D800BA5FB1 /* LogInSignUpViewController.swift */; };
		AF6BC9472A9BECDE00BA5FB1 /* LogInViewController.swift in Sources */ = {isa = PBXBuildFile; fileRef = AF6BC9462A9BECDE00BA5FB1 /* LogInViewController.swift */; };
		AF6BC9492A9C217100BA5FB1 /* SignUpEssentialsViewController.swift in Sources */ = {isa = PBXBuildFile; fileRef = AF6BC9482A9C217100BA5FB1 /* SignUpEssentialsViewController.swift */; };
		AF7986B12ABE4B02000FAB96 /* Activity1_1MainViewController.swift in Sources */ = {isa = PBXBuildFile; fileRef = AF7986B02ABE4B02000FAB96 /* Activity1_1MainViewController.swift */; };
		AF8276952ACE49BD0013DF28 /* SEL4CTests.swift in Sources */ = {isa = PBXBuildFile; fileRef = AF8276942ACE49BD0013DF28 /* SEL4CTests.swift */; };
		AF8D47582ACDE48600C900C7 /* ODS.swift in Sources */ = {isa = PBXBuildFile; fileRef = AF8D47572ACDE48600C900C7 /* ODS.swift */; };
		AF8D475A2ACDED9700C900C7 /* ods.json in Resources */ = {isa = PBXBuildFile; fileRef = AF8D47592ACDED9600C900C7 /* ods.json */; };
		AF944E662ABE035700D532DE /* TextFieldProcessingForViewController.swift in Sources */ = {isa = PBXBuildFile; fileRef = AF944E652ABE035700D532DE /* TextFieldProcessingForViewController.swift */; };
		AF944E682ABE46F000D532DE /* activities.json in Resources */ = {isa = PBXBuildFile; fileRef = AF944E672ABE46F000D532DE /* activities.json */; };
		AF944E6A2ABE472600D532DE /* Activity.swift in Sources */ = {isa = PBXBuildFile; fileRef = AF944E692ABE472600D532DE /* Activity.swift */; };
		AFA67F0F2A9D5FC000FE69DB /* Answer.swift in Sources */ = {isa = PBXBuildFile; fileRef = AFA67F0E2A9D5FC000FE69DB /* Answer.swift */; };
		AFCA95352AC1325500E0B755 /* Activity1_2MainViewController.swift in Sources */ = {isa = PBXBuildFile; fileRef = AFCA95342AC1325500E0B755 /* Activity1_2MainViewController.swift */; };
/* End PBXBuildFile section */

/* Begin PBXContainerItemProxy section */
		AF8276962ACE49BD0013DF28 /* PBXContainerItemProxy */ = {
			isa = PBXContainerItemProxy;
			containerPortal = AF6BC91E2A9BD89800BA5FB1 /* Project object */;
			proxyType = 1;
			remoteGlobalIDString = AF6BC9252A9BD89800BA5FB1;
			remoteInfo = SEL4C;
		};
/* End PBXContainerItemProxy section */

/* Begin PBXFileReference section */
		751E85A42ACFD59600DDCF7A /* Activity5MainViewController.swift */ = {isa = PBXFileReference; lastKnownFileType = sourcecode.swift; path = Activity5MainViewController.swift; sourceTree = "<group>"; };
		751E85A62ACFD5B700DDCF7A /* Activity5UploadViewController.swift */ = {isa = PBXFileReference; lastKnownFileType = sourcecode.swift; path = Activity5UploadViewController.swift; sourceTree = "<group>"; };
		751E85A82ACFDC8800DDCF7A /* Activity4_1Main2ViewController.swift */ = {isa = PBXFileReference; lastKnownFileType = sourcecode.swift; path = Activity4_1Main2ViewController.swift; sourceTree = "<group>"; };
		752931BB2AAF9A560074A323 /* ActividadesViewController.swift */ = {isa = PBXFileReference; lastKnownFileType = sourcecode.swift; path = ActividadesViewController.swift; sourceTree = "<group>"; };
		753636D42AC5DF800042F7C1 /* Activity1_3UploadViewController.swift */ = {isa = PBXFileReference; lastKnownFileType = sourcecode.swift; path = Activity1_3UploadViewController.swift; sourceTree = "<group>"; };
		753636D62AC5E3380042F7C1 /* Activity2_1UploadViewController.swift */ = {isa = PBXFileReference; lastKnownFileType = sourcecode.swift; path = Activity2_1UploadViewController.swift; sourceTree = "<group>"; };
		753636D82AC5E64A0042F7C1 /* Activity2_3UploadViewController.swift */ = {isa = PBXFileReference; lastKnownFileType = sourcecode.swift; path = Activity2_3UploadViewController.swift; sourceTree = "<group>"; };
		753636DA2AC5E7D60042F7C1 /* Activity2_2UploadViewController.swift */ = {isa = PBXFileReference; lastKnownFileType = sourcecode.swift; path = Activity2_2UploadViewController.swift; sourceTree = "<group>"; };
		753636DC2AC5E82C0042F7C1 /* Activity1_2UploadViewController.swift */ = {isa = PBXFileReference; lastKnownFileType = sourcecode.swift; path = Activity1_2UploadViewController.swift; sourceTree = "<group>"; };
		753636E62AC5EB470042F7C1 /* Activity3_1MainViewController.swift */ = {isa = PBXFileReference; lastKnownFileType = sourcecode.swift; path = Activity3_1MainViewController.swift; sourceTree = "<group>"; };
		753636E82AC5EB630042F7C1 /* Activity3_2MainViewController.swift */ = {isa = PBXFileReference; lastKnownFileType = sourcecode.swift; path = Activity3_2MainViewController.swift; sourceTree = "<group>"; };
		753636EA2AC5EB740042F7C1 /* Activity4_1MainViewController.swift */ = {isa = PBXFileReference; lastKnownFileType = sourcecode.swift; path = Activity4_1MainViewController.swift; sourceTree = "<group>"; };
		753636EC2AC5EB810042F7C1 /* Activity4_2MainViewController.swift */ = {isa = PBXFileReference; lastKnownFileType = sourcecode.swift; path = Activity4_2MainViewController.swift; sourceTree = "<group>"; };
		753636EE2AC5EE560042F7C1 /* Activity3_1UploadViewController.swift */ = {isa = PBXFileReference; lastKnownFileType = sourcecode.swift; path = Activity3_1UploadViewController.swift; sourceTree = "<group>"; };
		753636F02AC5EE660042F7C1 /* Activity3_2UploadViewController.swift */ = {isa = PBXFileReference; lastKnownFileType = sourcecode.swift; path = Activity3_2UploadViewController.swift; sourceTree = "<group>"; };
		753636F22AC5EE760042F7C1 /* Activity4_1UploadViewController.swift */ = {isa = PBXFileReference; lastKnownFileType = sourcecode.swift; path = Activity4_1UploadViewController.swift; sourceTree = "<group>"; };
		753636F42AC5EE8A0042F7C1 /* Activity4_2UploadViewController.swift */ = {isa = PBXFileReference; lastKnownFileType = sourcecode.swift; path = Activity4_2UploadViewController.swift; sourceTree = "<group>"; };
		753636FA2AC6A7AF0042F7C1 /* Activity1_3EntryViewController.swift */ = {isa = PBXFileReference; lastKnownFileType = sourcecode.swift; path = Activity1_3EntryViewController.swift; sourceTree = "<group>"; };
		75D08B4F2AC8D76A005BAA9F /* Activity1_3ObservationViewController.swift */ = {isa = PBXFileReference; lastKnownFileType = sourcecode.swift; path = Activity1_3ObservationViewController.swift; sourceTree = "<group>"; };
		75D08B512AC8E0EE005BAA9F /* ActividadTerminadaViewController.swift */ = {isa = PBXFileReference; lastKnownFileType = sourcecode.swift; path = ActividadTerminadaViewController.swift; sourceTree = "<group>"; };
		75D08B532AC8F550005BAA9F /* Activity2_2EntryViewController.swift */ = {isa = PBXFileReference; lastKnownFileType = sourcecode.swift; path = Activity2_2EntryViewController.swift; sourceTree = "<group>"; };
		75D08B552AC90B81005BAA9F /* Activity2_2ProblemViewController.swift */ = {isa = PBXFileReference; lastKnownFileType = sourcecode.swift; path = Activity2_2ProblemViewController.swift; sourceTree = "<group>"; };
		75D08B572AC913DD005BAA9F /* Activity3_1EntryViewController.swift */ = {isa = PBXFileReference; lastKnownFileType = sourcecode.swift; path = Activity3_1EntryViewController.swift; sourceTree = "<group>"; };
		75D08B592AC91417005BAA9F /* Activity3_1ProblemViewController.swift */ = {isa = PBXFileReference; lastKnownFileType = sourcecode.swift; path = Activity3_1ProblemViewController.swift; sourceTree = "<group>"; };
		AF1534992AD0B44B0091EC1D /* ResetUserDefaultsExtension.swift */ = {isa = PBXFileReference; lastKnownFileType = sourcecode.swift; path = ResetUserDefaultsExtension.swift; sourceTree = "<group>"; };
		AF199AC62A9C34CD004EFCE5 /* CuestionarioViewController.swift */ = {isa = PBXFileReference; lastKnownFileType = sourcecode.swift; path = CuestionarioViewController.swift; sourceTree = "<group>"; };
		AF199ACB2A9C39D8004EFCE5 /* RadioButton.swift */ = {isa = PBXFileReference; lastKnownFileType = sourcecode.swift; path = RadioButton.swift; sourceTree = "<group>"; };
		AF199AD32A9C807C004EFCE5 /* Question.swift */ = {isa = PBXFileReference; lastKnownFileType = sourcecode.swift; path = Question.swift; sourceTree = "<group>"; };
		AF199AD52A9C80D2004EFCE5 /* JsonData.swift */ = {isa = PBXFileReference; lastKnownFileType = sourcecode.swift; path = JsonData.swift; sourceTree = "<group>"; };
		AF199AD72A9C85F2004EFCE5 /* preguntas.json */ = {isa = PBXFileReference; fileEncoding = 4; lastKnownFileType = text.json; path = preguntas.json; sourceTree = "<group>"; };
		AF1D41C52AC1397F009D026F /* Activity1_3MainViewController.swift */ = {isa = PBXFileReference; lastKnownFileType = sourcecode.swift; path = Activity1_3MainViewController.swift; sourceTree = "<group>"; };
		AF1D41C72AC13BDD009D026F /* Activity2_1MainViewController.swift */ = {isa = PBXFileReference; lastKnownFileType = sourcecode.swift; path = Activity2_1MainViewController.swift; sourceTree = "<group>"; };
		AF1D41C92AC13BE5009D026F /* Activity2_2MainViewController.swift */ = {isa = PBXFileReference; lastKnownFileType = sourcecode.swift; path = Activity2_2MainViewController.swift; sourceTree = "<group>"; };
		AF1D41CB2AC13BED009D026F /* Activity2_3MainViewController.swift */ = {isa = PBXFileReference; lastKnownFileType = sourcecode.swift; path = Activity2_3MainViewController.swift; sourceTree = "<group>"; };
		AF1D41CD2AC14EB8009D026F /* Activity1_1UploadViewController.swift */ = {isa = PBXFileReference; lastKnownFileType = sourcecode.swift; path = Activity1_1UploadViewController.swift; sourceTree = "<group>"; };
		AF1D41CF2AC167DC009D026F /* Activity1_1RetroViewController.swift */ = {isa = PBXFileReference; lastKnownFileType = sourcecode.swift; path = Activity1_1RetroViewController.swift; sourceTree = "<group>"; };
		AF435EF62AD1308000B20D76 /* PreviousViewControllerExtension.swift */ = {isa = PBXFileReference; lastKnownFileType = sourcecode.swift; path = PreviousViewControllerExtension.swift; sourceTree = "<group>"; };
		AF435EFA2AD1353B00B20D76 /* MainUITabBarViewController.swift */ = {isa = PBXFileReference; lastKnownFileType = sourcecode.swift; path = MainUITabBarViewController.swift; sourceTree = "<group>"; };
		AF435EFF2AD187C000B20D76 /* MyProfileViewController.swift */ = {isa = PBXFileReference; lastKnownFileType = sourcecode.swift; path = MyProfileViewController.swift; sourceTree = "<group>"; };
		AF435F012AD189D700B20D76 /* PaddingLabel.swift */ = {isa = PBXFileReference; lastKnownFileType = sourcecode.swift; path = PaddingLabel.swift; sourceTree = "<group>"; };
		AF486D6B2ABBA4C40014089D /* SignUpEssentials2ViewController.swift */ = {isa = PBXFileReference; lastKnownFileType = sourcecode.swift; path = SignUpEssentials2ViewController.swift; sourceTree = "<group>"; };
		AF486D6F2ABCB4E00014089D /* countries.json */ = {isa = PBXFileReference; fileEncoding = 4; lastKnownFileType = text.json; path = countries.json; sourceTree = "<group>"; };
		AF486D712ABCB5590014089D /* Country.swift */ = {isa = PBXFileReference; lastKnownFileType = sourcecode.swift; path = Country.swift; sourceTree = "<group>"; };
		AF486D732ABCB9560014089D /* JsonReader.swift */ = {isa = PBXFileReference; lastKnownFileType = sourcecode.swift; path = JsonReader.swift; sourceTree = "<group>"; };
		AF486D752ABCD8130014089D /* User.swift */ = {isa = PBXFileReference; lastKnownFileType = sourcecode.swift; path = User.swift; sourceTree = "<group>"; };
		AF486D772ABCFD3E0014089D /* HeightProgressBar.swift */ = {isa = PBXFileReference; lastKnownFileType = sourcecode.swift; path = HeightProgressBar.swift; sourceTree = "<group>"; };
		AF486D7A2ABD00CA0014089D /* CollapseKeyboardExtension.swift */ = {isa = PBXFileReference; lastKnownFileType = sourcecode.swift; path = CollapseKeyboardExtension.swift; sourceTree = "<group>"; };
		AF486D7C2ABD00FD0014089D /* DynamicBorderRadius.swift */ = {isa = PBXFileReference; lastKnownFileType = sourcecode.swift; path = DynamicBorderRadius.swift; sourceTree = "<group>"; };
		AF6BC9262A9BD89800BA5FB1 /* SEL4C.app */ = {isa = PBXFileReference; explicitFileType = wrapper.application; includeInIndex = 0; path = SEL4C.app; sourceTree = BUILT_PRODUCTS_DIR; };
		AF6BC9292A9BD89800BA5FB1 /* AppDelegate.swift */ = {isa = PBXFileReference; lastKnownFileType = sourcecode.swift; path = AppDelegate.swift; sourceTree = "<group>"; };
		AF6BC92B2A9BD89800BA5FB1 /* SceneDelegate.swift */ = {isa = PBXFileReference; lastKnownFileType = sourcecode.swift; path = SceneDelegate.swift; sourceTree = "<group>"; };
		AF6BC92D2A9BD89800BA5FB1 /* ResultadosViewController.swift */ = {isa = PBXFileReference; lastKnownFileType = sourcecode.swift; path = ResultadosViewController.swift; sourceTree = "<group>"; };
		AF6BC9302A9BD89800BA5FB1 /* Base */ = {isa = PBXFileReference; lastKnownFileType = file.storyboard; name = Base; path = Base.lproj/Main.storyboard; sourceTree = "<group>"; };
		AF6BC9322A9BD89900BA5FB1 /* Assets.xcassets */ = {isa = PBXFileReference; lastKnownFileType = folder.assetcatalog; path = Assets.xcassets; sourceTree = "<group>"; };
		AF6BC9352A9BD89900BA5FB1 /* Base */ = {isa = PBXFileReference; lastKnownFileType = file.storyboard; name = Base; path = Base.lproj/LaunchScreen.storyboard; sourceTree = "<group>"; };
		AF6BC9372A9BD89900BA5FB1 /* Info.plist */ = {isa = PBXFileReference; lastKnownFileType = text.plist.xml; path = Info.plist; sourceTree = "<group>"; };
		AF6BC9442A9BE4D800BA5FB1 /* LogInSignUpViewController.swift */ = {isa = PBXFileReference; lastKnownFileType = sourcecode.swift; path = LogInSignUpViewController.swift; sourceTree = "<group>"; };
		AF6BC9462A9BECDE00BA5FB1 /* LogInViewController.swift */ = {isa = PBXFileReference; lastKnownFileType = sourcecode.swift; path = LogInViewController.swift; sourceTree = "<group>"; };
		AF6BC9482A9C217100BA5FB1 /* SignUpEssentialsViewController.swift */ = {isa = PBXFileReference; lastKnownFileType = sourcecode.swift; path = SignUpEssentialsViewController.swift; sourceTree = "<group>"; };
		AF7986B02ABE4B02000FAB96 /* Activity1_1MainViewController.swift */ = {isa = PBXFileReference; lastKnownFileType = sourcecode.swift; path = Activity1_1MainViewController.swift; sourceTree = "<group>"; };
		AF8276922ACE49BD0013DF28 /* SEL4CTests.xctest */ = {isa = PBXFileReference; explicitFileType = wrapper.cfbundle; includeInIndex = 0; path = SEL4CTests.xctest; sourceTree = BUILT_PRODUCTS_DIR; };
		AF8276942ACE49BD0013DF28 /* SEL4CTests.swift */ = {isa = PBXFileReference; lastKnownFileType = sourcecode.swift; path = SEL4CTests.swift; sourceTree = "<group>"; };
		AF8D47572ACDE48600C900C7 /* ODS.swift */ = {isa = PBXFileReference; lastKnownFileType = sourcecode.swift; path = ODS.swift; sourceTree = "<group>"; };
		AF8D47592ACDED9600C900C7 /* ods.json */ = {isa = PBXFileReference; fileEncoding = 4; lastKnownFileType = text.json; path = ods.json; sourceTree = "<group>"; };
		AF944E652ABE035700D532DE /* TextFieldProcessingForViewController.swift */ = {isa = PBXFileReference; lastKnownFileType = sourcecode.swift; path = TextFieldProcessingForViewController.swift; sourceTree = "<group>"; };
		AF944E672ABE46F000D532DE /* activities.json */ = {isa = PBXFileReference; fileEncoding = 4; lastKnownFileType = text.json; path = activities.json; sourceTree = "<group>"; };
		AF944E692ABE472600D532DE /* Activity.swift */ = {isa = PBXFileReference; lastKnownFileType = sourcecode.swift; path = Activity.swift; sourceTree = "<group>"; };
		AFA67F0E2A9D5FC000FE69DB /* Answer.swift */ = {isa = PBXFileReference; lastKnownFileType = sourcecode.swift; path = Answer.swift; sourceTree = "<group>"; };
		AFCA95342AC1325500E0B755 /* Activity1_2MainViewController.swift */ = {isa = PBXFileReference; lastKnownFileType = sourcecode.swift; path = Activity1_2MainViewController.swift; sourceTree = "<group>"; };
/* End PBXFileReference section */

/* Begin PBXFrameworksBuildPhase section */
		AF6BC9232A9BD89800BA5FB1 /* Frameworks */ = {
			isa = PBXFrameworksBuildPhase;
			buildActionMask = 2147483647;
			files = (
			);
			runOnlyForDeploymentPostprocessing = 0;
		};
		AF82768F2ACE49BD0013DF28 /* Frameworks */ = {
			isa = PBXFrameworksBuildPhase;
			buildActionMask = 2147483647;
			files = (
			);
			runOnlyForDeploymentPostprocessing = 0;
		};
/* End PBXFrameworksBuildPhase section */

/* Begin PBXGroup section */
		751E85A32ACFD58500DDCF7A /* Activity5views */ = {
			isa = PBXGroup;
			children = (
				751E85A42ACFD59600DDCF7A /* Activity5MainViewController.swift */,
				751E85A62ACFD5B700DDCF7A /* Activity5UploadViewController.swift */,
			);
			path = Activity5views;
			sourceTree = "<group>";
		};
		753636DE2AC5E8360042F7C1 /* Mains */ = {
			isa = PBXGroup;
			children = (
				AFCA95342AC1325500E0B755 /* Activity1_2MainViewController.swift */,
				AF7986B02ABE4B02000FAB96 /* Activity1_1MainViewController.swift */,
				AF1D41C52AC1397F009D026F /* Activity1_3MainViewController.swift */,
			);
			path = Mains;
			sourceTree = "<group>";
		};
		753636DF2AC5E8450042F7C1 /* Uploads */ = {
			isa = PBXGroup;
			children = (
				AF1D41CD2AC14EB8009D026F /* Activity1_1UploadViewController.swift */,
				753636D42AC5DF800042F7C1 /* Activity1_3UploadViewController.swift */,
				753636DC2AC5E82C0042F7C1 /* Activity1_2UploadViewController.swift */,
			);
			path = Uploads;
			sourceTree = "<group>";
		};
		753636E02AC5E8810042F7C1 /* Mains */ = {
			isa = PBXGroup;
			children = (
				AF1D41C72AC13BDD009D026F /* Activity2_1MainViewController.swift */,
				AF1D41C92AC13BE5009D026F /* Activity2_2MainViewController.swift */,
				AF1D41CB2AC13BED009D026F /* Activity2_3MainViewController.swift */,
			);
			path = Mains;
			sourceTree = "<group>";
		};
		753636E12AC5E8930042F7C1 /* Uploads */ = {
			isa = PBXGroup;
			children = (
				753636D62AC5E3380042F7C1 /* Activity2_1UploadViewController.swift */,
				753636DA2AC5E7D60042F7C1 /* Activity2_2UploadViewController.swift */,
				753636D82AC5E64A0042F7C1 /* Activity2_3UploadViewController.swift */,
			);
			path = Uploads;
			sourceTree = "<group>";
		};
		753636E22AC5E8B80042F7C1 /* Mains */ = {
			isa = PBXGroup;
			children = (
				753636E62AC5EB470042F7C1 /* Activity3_1MainViewController.swift */,
				753636E82AC5EB630042F7C1 /* Activity3_2MainViewController.swift */,
			);
			path = Mains;
			sourceTree = "<group>";
		};
		753636E32AC5E8BF0042F7C1 /* Uploads */ = {
			isa = PBXGroup;
			children = (
				753636EE2AC5EE560042F7C1 /* Activity3_1UploadViewController.swift */,
				753636F02AC5EE660042F7C1 /* Activity3_2UploadViewController.swift */,
			);
			path = Uploads;
			sourceTree = "<group>";
		};
		753636E42AC5E8C70042F7C1 /* Mains */ = {
			isa = PBXGroup;
			children = (
				751E85A82ACFDC8800DDCF7A /* Activity4_1Main2ViewController.swift */,
				753636EA2AC5EB740042F7C1 /* Activity4_1MainViewController.swift */,
				753636EC2AC5EB810042F7C1 /* Activity4_2MainViewController.swift */,
			);
			path = Mains;
			sourceTree = "<group>";
		};
		753636E52AC5E8DB0042F7C1 /* Uploads */ = {
			isa = PBXGroup;
			children = (
				753636F22AC5EE760042F7C1 /* Activity4_1UploadViewController.swift */,
				753636F42AC5EE8A0042F7C1 /* Activity4_2UploadViewController.swift */,
			);
			path = Uploads;
			sourceTree = "<group>";
		};
		AF199AC82A9C397D004EFCE5 /* Classes */ = {
			isa = PBXGroup;
			children = (
				AF199ACB2A9C39D8004EFCE5 /* RadioButton.swift */,
				AF486D772ABCFD3E0014089D /* HeightProgressBar.swift */,
				AF435F012AD189D700B20D76 /* PaddingLabel.swift */,
			);
			path = Classes;
			sourceTree = "<group>";
		};
		AF199ACF2A9C8029004EFCE5 /* Models */ = {
			isa = PBXGroup;
			children = (
				AF199AC82A9C397D004EFCE5 /* Classes */,
				AF199AD32A9C807C004EFCE5 /* Question.swift */,
				AF486D712ABCB5590014089D /* Country.swift */,
				AF199AD52A9C80D2004EFCE5 /* JsonData.swift */,
				AFA67F0E2A9D5FC000FE69DB /* Answer.swift */,
				AF486D732ABCB9560014089D /* JsonReader.swift */,
				AF486D752ABCD8130014089D /* User.swift */,
				AF944E692ABE472600D532DE /* Activity.swift */,
				AF8D47572ACDE48600C900C7 /* ODS.swift */,
			);
			path = Models;
			sourceTree = "<group>";
		};
		AF199AD02A9C8035004EFCE5 /* Resources */ = {
			isa = PBXGroup;
			children = (
				AF8D47592ACDED9600C900C7 /* ods.json */,
				AF199AD72A9C85F2004EFCE5 /* preguntas.json */,
				AF944E672ABE46F000D532DE /* activities.json */,
				AF486D6F2ABCB4E00014089D /* countries.json */,
			);
			path = Resources;
			sourceTree = "<group>";
		};
		AF435EFC2AD13F8700B20D76 /* UIViewController */ = {
			isa = PBXGroup;
			children = (
				AF435EF62AD1308000B20D76 /* PreviousViewControllerExtension.swift */,
				AF944E652ABE035700D532DE /* TextFieldProcessingForViewController.swift */,
				AF486D7A2ABD00CA0014089D /* CollapseKeyboardExtension.swift */,
			);
			path = UIViewController;
			sourceTree = "<group>";
		};
		AF435EFD2AD13FB900B20D76 /* UserDefaults */ = {
			isa = PBXGroup;
			children = (
				AF1534992AD0B44B0091EC1D /* ResetUserDefaultsExtension.swift */,
			);
			path = UserDefaults;
			sourceTree = "<group>";
		};
		AF435EFE2AD13FD100B20D76 /* UIView */ = {
			isa = PBXGroup;
			children = (
				AF486D7C2ABD00FD0014089D /* DynamicBorderRadius.swift */,
			);
			path = UIView;
			sourceTree = "<group>";
		};
		AF486D792ABD007B0014089D /* Extensions */ = {
			isa = PBXGroup;
			children = (
				AF435EFE2AD13FD100B20D76 /* UIView */,
				AF435EFD2AD13FB900B20D76 /* UserDefaults */,
				AF435EFC2AD13F8700B20D76 /* UIViewController */,
			);
			path = Extensions;
			sourceTree = "<group>";
		};
		AF6BC91D2A9BD89800BA5FB1 = {
			isa = PBXGroup;
			children = (
				AF6BC9282A9BD89800BA5FB1 /* SEL4C */,
				AF8276932ACE49BD0013DF28 /* SEL4CTests */,
				AF6BC9272A9BD89800BA5FB1 /* Products */,
			);
			sourceTree = "<group>";
		};
		AF6BC9272A9BD89800BA5FB1 /* Products */ = {
			isa = PBXGroup;
			children = (
				AF6BC9262A9BD89800BA5FB1 /* SEL4C.app */,
				AF8276922ACE49BD0013DF28 /* SEL4CTests.xctest */,
			);
			name = Products;
			sourceTree = "<group>";
		};
		AF6BC9282A9BD89800BA5FB1 /* SEL4C */ = {
			isa = PBXGroup;
			children = (
				AF6BC9372A9BD89900BA5FB1 /* Info.plist */,
				AF7986B22ABE4CD5000FAB96 /* Storyboards */,
				AF486D792ABD007B0014089D /* Extensions */,
				AF199AD02A9C8035004EFCE5 /* Resources */,
				AF199ACF2A9C8029004EFCE5 /* Models */,
				AF6BC93E2A9BE17900BA5FB1 /* Views */,
				AF6BC93D2A9BE15800BA5FB1 /* Natives */,
			);
			path = SEL4C;
			sourceTree = "<group>";
		};
		AF6BC93D2A9BE15800BA5FB1 /* Natives */ = {
			isa = PBXGroup;
			children = (
				AF6BC92B2A9BD89800BA5FB1 /* SceneDelegate.swift */,
				AF6BC9292A9BD89800BA5FB1 /* AppDelegate.swift */,
				AF6BC9322A9BD89900BA5FB1 /* Assets.xcassets */,
			);
			path = Natives;
			sourceTree = "<group>";
		};
		AF6BC93E2A9BE17900BA5FB1 /* Views */ = {
			isa = PBXGroup;
			children = (
				AF944E6B2ABE499100D532DE /* Activity1Views */,
				AF944E6C2ABE49A500D532DE /* Activity2Views */,
				AF944E6D2ABE49AC00D532DE /* Activity3Views */,
				AF944E6E2ABE49B500D532DE /* Activity4Views */,
				751E85A32ACFD58500DDCF7A /* Activity5views */,
				AF6BC92D2A9BD89800BA5FB1 /* ResultadosViewController.swift */,
				AF6BC9442A9BE4D800BA5FB1 /* LogInSignUpViewController.swift */,
				AF6BC9462A9BECDE00BA5FB1 /* LogInViewController.swift */,
				AF6BC9482A9C217100BA5FB1 /* SignUpEssentialsViewController.swift */,
				AF486D6B2ABBA4C40014089D /* SignUpEssentials2ViewController.swift */,
				AF435EFF2AD187C000B20D76 /* MyProfileViewController.swift */,
				AF435EFA2AD1353B00B20D76 /* MainUITabBarViewController.swift */,
				AF199AC62A9C34CD004EFCE5 /* CuestionarioViewController.swift */,
				752931BB2AAF9A560074A323 /* ActividadesViewController.swift */,
				75D08B512AC8E0EE005BAA9F /* ActividadTerminadaViewController.swift */,
			);
			path = Views;
			sourceTree = "<group>";
		};
		AF7986B22ABE4CD5000FAB96 /* Storyboards */ = {
			isa = PBXGroup;
			children = (
				AF6BC9342A9BD89900BA5FB1 /* LaunchScreen.storyboard */,
				AF6BC92F2A9BD89800BA5FB1 /* Main.storyboard */,
			);
			path = Storyboards;
			sourceTree = "<group>";
		};
		AF8276932ACE49BD0013DF28 /* SEL4CTests */ = {
			isa = PBXGroup;
			children = (
				AF8276942ACE49BD0013DF28 /* SEL4CTests.swift */,
			);
			path = SEL4CTests;
			sourceTree = "<group>";
		};
		AF944E6B2ABE499100D532DE /* Activity1Views */ = {
			isa = PBXGroup;
			children = (
				753636DF2AC5E8450042F7C1 /* Uploads */,
				753636DE2AC5E8360042F7C1 /* Mains */,
				753636FA2AC6A7AF0042F7C1 /* Activity1_3EntryViewController.swift */,
				AF1D41CF2AC167DC009D026F /* Activity1_1RetroViewController.swift */,
				75D08B4F2AC8D76A005BAA9F /* Activity1_3ObservationViewController.swift */,
			);
			path = Activity1Views;
			sourceTree = "<group>";
		};
		AF944E6C2ABE49A500D532DE /* Activity2Views */ = {
			isa = PBXGroup;
			children = (
				753636E12AC5E8930042F7C1 /* Uploads */,
				753636E02AC5E8810042F7C1 /* Mains */,
				75D08B532AC8F550005BAA9F /* Activity2_2EntryViewController.swift */,
				75D08B552AC90B81005BAA9F /* Activity2_2ProblemViewController.swift */,
			);
			path = Activity2Views;
			sourceTree = "<group>";
		};
		AF944E6D2ABE49AC00D532DE /* Activity3Views */ = {
			isa = PBXGroup;
			children = (
				753636E32AC5E8BF0042F7C1 /* Uploads */,
				753636E22AC5E8B80042F7C1 /* Mains */,
				75D08B572AC913DD005BAA9F /* Activity3_1EntryViewController.swift */,
				75D08B592AC91417005BAA9F /* Activity3_1ProblemViewController.swift */,
			);
			path = Activity3Views;
			sourceTree = "<group>";
		};
		AF944E6E2ABE49B500D532DE /* Activity4Views */ = {
			isa = PBXGroup;
			children = (
				753636E52AC5E8DB0042F7C1 /* Uploads */,
				753636E42AC5E8C70042F7C1 /* Mains */,
			);
			path = Activity4Views;
			sourceTree = "<group>";
		};
/* End PBXGroup section */

/* Begin PBXNativeTarget section */
		AF6BC9252A9BD89800BA5FB1 /* SEL4C */ = {
			isa = PBXNativeTarget;
			buildConfigurationList = AF6BC93A2A9BD89900BA5FB1 /* Build configuration list for PBXNativeTarget "SEL4C" */;
			buildPhases = (
				AF6BC9222A9BD89800BA5FB1 /* Sources */,
				AF6BC9232A9BD89800BA5FB1 /* Frameworks */,
				AF6BC9242A9BD89800BA5FB1 /* Resources */,
			);
			buildRules = (
			);
			dependencies = (
			);
			name = SEL4C;
			productName = SEL4C;
			productReference = AF6BC9262A9BD89800BA5FB1 /* SEL4C.app */;
			productType = "com.apple.product-type.application";
		};
		AF8276912ACE49BD0013DF28 /* SEL4CTests */ = {
			isa = PBXNativeTarget;
			buildConfigurationList = AF8276982ACE49BD0013DF28 /* Build configuration list for PBXNativeTarget "SEL4CTests" */;
			buildPhases = (
				AF82768E2ACE49BD0013DF28 /* Sources */,
				AF82768F2ACE49BD0013DF28 /* Frameworks */,
				AF8276902ACE49BD0013DF28 /* Resources */,
			);
			buildRules = (
			);
			dependencies = (
				AF8276972ACE49BD0013DF28 /* PBXTargetDependency */,
			);
			name = SEL4CTests;
			productName = SEL4CTests;
			productReference = AF8276922ACE49BD0013DF28 /* SEL4CTests.xctest */;
			productType = "com.apple.product-type.bundle.unit-test";
		};
/* End PBXNativeTarget section */

/* Begin PBXProject section */
		AF6BC91E2A9BD89800BA5FB1 /* Project object */ = {
			isa = PBXProject;
			attributes = {
				BuildIndependentTargetsInParallel = 1;
				KnownAssetTags = (
					Resultados,
				);
				LastSwiftUpdateCheck = 1430;
				LastUpgradeCheck = 1430;
				TargetAttributes = {
					AF6BC9252A9BD89800BA5FB1 = {
						CreatedOnToolsVersion = 14.3.1;
					};
					AF8276912ACE49BD0013DF28 = {
						CreatedOnToolsVersion = 14.3.1;
						TestTargetID = AF6BC9252A9BD89800BA5FB1;
					};
				};
			};
			buildConfigurationList = AF6BC9212A9BD89800BA5FB1 /* Build configuration list for PBXProject "SEL4C" */;
			compatibilityVersion = "Xcode 14.0";
			developmentRegion = en;
			hasScannedForEncodings = 0;
			knownRegions = (
				en,
				Base,
			);
			mainGroup = AF6BC91D2A9BD89800BA5FB1;
			productRefGroup = AF6BC9272A9BD89800BA5FB1 /* Products */;
			projectDirPath = "";
			projectRoot = "";
			targets = (
				AF6BC9252A9BD89800BA5FB1 /* SEL4C */,
				AF8276912ACE49BD0013DF28 /* SEL4CTests */,
			);
		};
/* End PBXProject section */

/* Begin PBXResourcesBuildPhase section */
		AF6BC9242A9BD89800BA5FB1 /* Resources */ = {
			isa = PBXResourcesBuildPhase;
			buildActionMask = 2147483647;
			files = (
				AF6BC9362A9BD89900BA5FB1 /* LaunchScreen.storyboard in Resources */,
				AF8D475A2ACDED9700C900C7 /* ods.json in Resources */,
				AF6BC9332A9BD89900BA5FB1 /* Assets.xcassets in Resources */,
				AF944E682ABE46F000D532DE /* activities.json in Resources */,
				AF6BC9312A9BD89800BA5FB1 /* Main.storyboard in Resources */,
				AF486D702ABCB4E00014089D /* countries.json in Resources */,
				AF199AD82A9C85F2004EFCE5 /* preguntas.json in Resources */,
			);
			runOnlyForDeploymentPostprocessing = 0;
		};
		AF8276902ACE49BD0013DF28 /* Resources */ = {
			isa = PBXResourcesBuildPhase;
			buildActionMask = 2147483647;
			files = (
			);
			runOnlyForDeploymentPostprocessing = 0;
		};
/* End PBXResourcesBuildPhase section */

/* Begin PBXSourcesBuildPhase section */
		AF6BC9222A9BD89800BA5FB1 /* Sources */ = {
			isa = PBXSourcesBuildPhase;
			buildActionMask = 2147483647;
			files = (
				AF1D41CC2AC13BED009D026F /* Activity2_3MainViewController.swift in Sources */,
				AF435EF72AD1308000B20D76 /* PreviousViewControllerExtension.swift in Sources */,
				AF486D722ABCB5590014089D /* Country.swift in Sources */,
				AF486D742ABCB9560014089D /* JsonReader.swift in Sources */,
				753636EF2AC5EE560042F7C1 /* Activity3_1UploadViewController.swift in Sources */,
				753636D72AC5E3380042F7C1 /* Activity2_1UploadViewController.swift in Sources */,
				AF6BC9452A9BE4D800BA5FB1 /* LogInSignUpViewController.swift in Sources */,
				751E85A92ACFDC8800DDCF7A /* Activity4_1Main2ViewController.swift in Sources */,
				AF6BC92E2A9BD89800BA5FB1 /* ResultadosViewController.swift in Sources */,
				AF1D41CA2AC13BE5009D026F /* Activity2_2MainViewController.swift in Sources */,
				AF486D762ABCD8130014089D /* User.swift in Sources */,
				753636EB2AC5EB740042F7C1 /* Activity4_1MainViewController.swift in Sources */,
				AF435F002AD187C000B20D76 /* MyProfileViewController.swift in Sources */,
				AF1D41C82AC13BDD009D026F /* Activity2_1MainViewController.swift in Sources */,
				AF7986B12ABE4B02000FAB96 /* Activity1_1MainViewController.swift in Sources */,
				752931BC2AAF9A560074A323 /* ActividadesViewController.swift in Sources */,
				753636F12AC5EE660042F7C1 /* Activity3_2UploadViewController.swift in Sources */,
				751E85A52ACFD59600DDCF7A /* Activity5MainViewController.swift in Sources */,
				AF6BC92A2A9BD89800BA5FB1 /* AppDelegate.swift in Sources */,
				AF199AD42A9C807C004EFCE5 /* Question.swift in Sources */,
				AF435F022AD189D700B20D76 /* PaddingLabel.swift in Sources */,
				AF6BC9472A9BECDE00BA5FB1 /* LogInViewController.swift in Sources */,
				AF944E6A2ABE472600D532DE /* Activity.swift in Sources */,
				AFA67F0F2A9D5FC000FE69DB /* Answer.swift in Sources */,
				AF199AC72A9C34CD004EFCE5 /* CuestionarioViewController.swift in Sources */,
				753636F52AC5EE8A0042F7C1 /* Activity4_2UploadViewController.swift in Sources */,
				753636E72AC5EB470042F7C1 /* Activity3_1MainViewController.swift in Sources */,
				AF6BC92C2A9BD89800BA5FB1 /* SceneDelegate.swift in Sources */,
				AF199AD62A9C80D2004EFCE5 /* JsonData.swift in Sources */,
				AF8D47582ACDE48600C900C7 /* ODS.swift in Sources */,
				75D08B502AC8D76A005BAA9F /* Activity1_3ObservationViewController.swift in Sources */,
				AF944E662ABE035700D532DE /* TextFieldProcessingForViewController.swift in Sources */,
				75D08B5A2AC91417005BAA9F /* Activity3_1ProblemViewController.swift in Sources */,
				AF6BC9492A9C217100BA5FB1 /* SignUpEssentialsViewController.swift in Sources */,
				753636F32AC5EE760042F7C1 /* Activity4_1UploadViewController.swift in Sources */,
				75D08B522AC8E0EE005BAA9F /* ActividadTerminadaViewController.swift in Sources */,
				AF435EFB2AD1353B00B20D76 /* MainUITabBarViewController.swift in Sources */,
				753636D92AC5E64A0042F7C1 /* Activity2_3UploadViewController.swift in Sources */,
				75D08B542AC8F550005BAA9F /* Activity2_2EntryViewController.swift in Sources */,
				AF486D782ABCFD3E0014089D /* HeightProgressBar.swift in Sources */,
				75D08B582AC913DD005BAA9F /* Activity3_1EntryViewController.swift in Sources */,
				AF1D41C62AC1397F009D026F /* Activity1_3MainViewController.swift in Sources */,
				AF1D41D02AC167DC009D026F /* Activity1_1RetroViewController.swift in Sources */,
				AF15349A2AD0B44B0091EC1D /* ResetUserDefaultsExtension.swift in Sources */,
				AF486D7B2ABD00CA0014089D /* CollapseKeyboardExtension.swift in Sources */,
				75D08B562AC90B81005BAA9F /* Activity2_2ProblemViewController.swift in Sources */,
				751E85A72ACFD5B700DDCF7A /* Activity5UploadViewController.swift in Sources */,
				753636FB2AC6A7AF0042F7C1 /* Activity1_3EntryViewController.swift in Sources */,
				753636DB2AC5E7D60042F7C1 /* Activity2_2UploadViewController.swift in Sources */,
				AF199ACC2A9C39D8004EFCE5 /* RadioButton.swift in Sources */,
				AF486D6C2ABBA4C40014089D /* SignUpEssentials2ViewController.swift in Sources */,
				AF486D7D2ABD00FD0014089D /* DynamicBorderRadius.swift in Sources */,
				753636E92AC5EB630042F7C1 /* Activity3_2MainViewController.swift in Sources */,
				AF1D41CE2AC14EB8009D026F /* Activity1_1UploadViewController.swift in Sources */,
				753636ED2AC5EB810042F7C1 /* Activity4_2MainViewController.swift in Sources */,
				753636DD2AC5E82C0042F7C1 /* Activity1_2UploadViewController.swift in Sources */,
				753636D52AC5DF800042F7C1 /* Activity1_3UploadViewController.swift in Sources */,
				AFCA95352AC1325500E0B755 /* Activity1_2MainViewController.swift in Sources */,
			);
			runOnlyForDeploymentPostprocessing = 0;
		};
		AF82768E2ACE49BD0013DF28 /* Sources */ = {
			isa = PBXSourcesBuildPhase;
			buildActionMask = 2147483647;
			files = (
				AF8276952ACE49BD0013DF28 /* SEL4CTests.swift in Sources */,
			);
			runOnlyForDeploymentPostprocessing = 0;
		};
/* End PBXSourcesBuildPhase section */

/* Begin PBXTargetDependency section */
		AF8276972ACE49BD0013DF28 /* PBXTargetDependency */ = {
			isa = PBXTargetDependency;
			target = AF6BC9252A9BD89800BA5FB1 /* SEL4C */;
			targetProxy = AF8276962ACE49BD0013DF28 /* PBXContainerItemProxy */;
		};
/* End PBXTargetDependency section */

/* Begin PBXVariantGroup section */
		AF6BC92F2A9BD89800BA5FB1 /* Main.storyboard */ = {
			isa = PBXVariantGroup;
			children = (
				AF6BC9302A9BD89800BA5FB1 /* Base */,
			);
			name = Main.storyboard;
			sourceTree = "<group>";
		};
		AF6BC9342A9BD89900BA5FB1 /* LaunchScreen.storyboard */ = {
			isa = PBXVariantGroup;
			children = (
				AF6BC9352A9BD89900BA5FB1 /* Base */,
			);
			name = LaunchScreen.storyboard;
			sourceTree = "<group>";
		};
/* End PBXVariantGroup section */

/* Begin XCBuildConfiguration section */
		AF6BC9382A9BD89900BA5FB1 /* Debug */ = {
			isa = XCBuildConfiguration;
			buildSettings = {
				ALWAYS_SEARCH_USER_PATHS = NO;
				CLANG_ANALYZER_NONNULL = YES;
				CLANG_ANALYZER_NUMBER_OBJECT_CONVERSION = YES_AGGRESSIVE;
				CLANG_CXX_LANGUAGE_STANDARD = "gnu++20";
				CLANG_ENABLE_MODULES = YES;
				CLANG_ENABLE_OBJC_ARC = YES;
				CLANG_ENABLE_OBJC_WEAK = YES;
				CLANG_WARN_BLOCK_CAPTURE_AUTORELEASING = YES;
				CLANG_WARN_BOOL_CONVERSION = YES;
				CLANG_WARN_COMMA = YES;
				CLANG_WARN_CONSTANT_CONVERSION = YES;
				CLANG_WARN_DEPRECATED_OBJC_IMPLEMENTATIONS = YES;
				CLANG_WARN_DIRECT_OBJC_ISA_USAGE = YES_ERROR;
				CLANG_WARN_DOCUMENTATION_COMMENTS = YES;
				CLANG_WARN_EMPTY_BODY = YES;
				CLANG_WARN_ENUM_CONVERSION = YES;
				CLANG_WARN_INFINITE_RECURSION = YES;
				CLANG_WARN_INT_CONVERSION = YES;
				CLANG_WARN_NON_LITERAL_NULL_CONVERSION = YES;
				CLANG_WARN_OBJC_IMPLICIT_RETAIN_SELF = YES;
				CLANG_WARN_OBJC_LITERAL_CONVERSION = YES;
				CLANG_WARN_OBJC_ROOT_CLASS = YES_ERROR;
				CLANG_WARN_QUOTED_INCLUDE_IN_FRAMEWORK_HEADER = YES;
				CLANG_WARN_RANGE_LOOP_ANALYSIS = YES;
				CLANG_WARN_STRICT_PROTOTYPES = YES;
				CLANG_WARN_SUSPICIOUS_MOVE = YES;
				CLANG_WARN_UNGUARDED_AVAILABILITY = YES_AGGRESSIVE;
				CLANG_WARN_UNREACHABLE_CODE = YES;
				CLANG_WARN__DUPLICATE_METHOD_MATCH = YES;
				COPY_PHASE_STRIP = NO;
				DEBUG_INFORMATION_FORMAT = dwarf;
				ENABLE_STRICT_OBJC_MSGSEND = YES;
				ENABLE_TESTABILITY = YES;
				GCC_C_LANGUAGE_STANDARD = gnu11;
				GCC_DYNAMIC_NO_PIC = NO;
				GCC_NO_COMMON_BLOCKS = YES;
				GCC_OPTIMIZATION_LEVEL = 0;
				GCC_PREPROCESSOR_DEFINITIONS = (
					"DEBUG=1",
					"$(inherited)",
				);
				GCC_WARN_64_TO_32_BIT_CONVERSION = YES;
				GCC_WARN_ABOUT_RETURN_TYPE = YES_ERROR;
				GCC_WARN_UNDECLARED_SELECTOR = YES;
				GCC_WARN_UNINITIALIZED_AUTOS = YES_AGGRESSIVE;
				GCC_WARN_UNUSED_FUNCTION = YES;
				GCC_WARN_UNUSED_VARIABLE = YES;
				IPHONEOS_DEPLOYMENT_TARGET = 16.4;
				MTL_ENABLE_DEBUG_INFO = INCLUDE_SOURCE;
				MTL_FAST_MATH = YES;
				ONLY_ACTIVE_ARCH = YES;
				SDKROOT = iphoneos;
				SWIFT_ACTIVE_COMPILATION_CONDITIONS = DEBUG;
				SWIFT_OPTIMIZATION_LEVEL = "-Onone";
			};
			name = Debug;
		};
		AF6BC9392A9BD89900BA5FB1 /* Release */ = {
			isa = XCBuildConfiguration;
			buildSettings = {
				ALWAYS_SEARCH_USER_PATHS = NO;
				CLANG_ANALYZER_NONNULL = YES;
				CLANG_ANALYZER_NUMBER_OBJECT_CONVERSION = YES_AGGRESSIVE;
				CLANG_CXX_LANGUAGE_STANDARD = "gnu++20";
				CLANG_ENABLE_MODULES = YES;
				CLANG_ENABLE_OBJC_ARC = YES;
				CLANG_ENABLE_OBJC_WEAK = YES;
				CLANG_WARN_BLOCK_CAPTURE_AUTORELEASING = YES;
				CLANG_WARN_BOOL_CONVERSION = YES;
				CLANG_WARN_COMMA = YES;
				CLANG_WARN_CONSTANT_CONVERSION = YES;
				CLANG_WARN_DEPRECATED_OBJC_IMPLEMENTATIONS = YES;
				CLANG_WARN_DIRECT_OBJC_ISA_USAGE = YES_ERROR;
				CLANG_WARN_DOCUMENTATION_COMMENTS = YES;
				CLANG_WARN_EMPTY_BODY = YES;
				CLANG_WARN_ENUM_CONVERSION = YES;
				CLANG_WARN_INFINITE_RECURSION = YES;
				CLANG_WARN_INT_CONVERSION = YES;
				CLANG_WARN_NON_LITERAL_NULL_CONVERSION = YES;
				CLANG_WARN_OBJC_IMPLICIT_RETAIN_SELF = YES;
				CLANG_WARN_OBJC_LITERAL_CONVERSION = YES;
				CLANG_WARN_OBJC_ROOT_CLASS = YES_ERROR;
				CLANG_WARN_QUOTED_INCLUDE_IN_FRAMEWORK_HEADER = YES;
				CLANG_WARN_RANGE_LOOP_ANALYSIS = YES;
				CLANG_WARN_STRICT_PROTOTYPES = YES;
				CLANG_WARN_SUSPICIOUS_MOVE = YES;
				CLANG_WARN_UNGUARDED_AVAILABILITY = YES_AGGRESSIVE;
				CLANG_WARN_UNREACHABLE_CODE = YES;
				CLANG_WARN__DUPLICATE_METHOD_MATCH = YES;
				COPY_PHASE_STRIP = NO;
				DEBUG_INFORMATION_FORMAT = "dwarf-with-dsym";
				ENABLE_NS_ASSERTIONS = NO;
				ENABLE_STRICT_OBJC_MSGSEND = YES;
				GCC_C_LANGUAGE_STANDARD = gnu11;
				GCC_NO_COMMON_BLOCKS = YES;
				GCC_WARN_64_TO_32_BIT_CONVERSION = YES;
				GCC_WARN_ABOUT_RETURN_TYPE = YES_ERROR;
				GCC_WARN_UNDECLARED_SELECTOR = YES;
				GCC_WARN_UNINITIALIZED_AUTOS = YES_AGGRESSIVE;
				GCC_WARN_UNUSED_FUNCTION = YES;
				GCC_WARN_UNUSED_VARIABLE = YES;
				IPHONEOS_DEPLOYMENT_TARGET = 16.4;
				MTL_ENABLE_DEBUG_INFO = NO;
				MTL_FAST_MATH = YES;
				SDKROOT = iphoneos;
				SWIFT_COMPILATION_MODE = wholemodule;
				SWIFT_OPTIMIZATION_LEVEL = "-O";
				VALIDATE_PRODUCT = YES;
			};
			name = Release;
		};
		AF6BC93B2A9BD89900BA5FB1 /* Debug */ = {
			isa = XCBuildConfiguration;
			buildSettings = {
				ASSETCATALOG_COMPILER_APPICON_NAME = AppIcon;
				ASSETCATALOG_COMPILER_GLOBAL_ACCENT_COLOR_NAME = AccentColor;
				CODE_SIGN_IDENTITY = "Apple Development";
				CODE_SIGN_STYLE = Automatic;
				CURRENT_PROJECT_VERSION = 1;
				DEVELOPMENT_TEAM = W73UCA9D55;
				GENERATE_INFOPLIST_FILE = YES;
				INFOPLIST_FILE = SEL4C/Info.plist;
				INFOPLIST_KEY_NSCameraUsageDescription = "Uso de camara para fotos y videos";
				INFOPLIST_KEY_NSMicrophoneUsageDescription = "Uso de microfono para audio y video";
				INFOPLIST_KEY_UIApplicationSupportsIndirectInputEvents = YES;
				INFOPLIST_KEY_UILaunchStoryboardName = LaunchScreen.storyboard;
				INFOPLIST_KEY_UIMainStoryboardFile = Main;
				INFOPLIST_KEY_UISupportedInterfaceOrientations = UIInterfaceOrientationPortrait;
				INFOPLIST_KEY_UISupportedInterfaceOrientations_iPad = "UIInterfaceOrientationLandscapeLeft UIInterfaceOrientationLandscapeRight UIInterfaceOrientationPortrait UIInterfaceOrientationPortraitUpsideDown";
				IPHONEOS_DEPLOYMENT_TARGET = 16.0;
				LD_RUNPATH_SEARCH_PATHS = (
					"$(inherited)",
					"@executable_path/Frameworks",
				);
				MARKETING_VERSION = 1.0;
				PRODUCT_BUNDLE_IDENTIFIER = mx.tec.SEL4C.t1;
				PRODUCT_NAME = "$(TARGET_NAME)";
				PROVISIONING_PROFILE_SPECIFIER = "";
				SUPPORTED_PLATFORMS = "iphoneos iphonesimulator";
				SUPPORTS_MACCATALYST = NO;
				SUPPORTS_MAC_DESIGNED_FOR_IPHONE_IPAD = NO;
				SWIFT_EMIT_LOC_STRINGS = YES;
				SWIFT_VERSION = 5.0;
				TARGETED_DEVICE_FAMILY = 1;
			};
			name = Debug;
		};
		AF6BC93C2A9BD89900BA5FB1 /* Release */ = {
			isa = XCBuildConfiguration;
			buildSettings = {
				ASSETCATALOG_COMPILER_APPICON_NAME = AppIcon;
				ASSETCATALOG_COMPILER_GLOBAL_ACCENT_COLOR_NAME = AccentColor;
				CODE_SIGN_IDENTITY = "Apple Development";
				CODE_SIGN_STYLE = Automatic;
				CURRENT_PROJECT_VERSION = 1;
				DEVELOPMENT_TEAM = W73UCA9D55;
				GENERATE_INFOPLIST_FILE = YES;
				INFOPLIST_FILE = SEL4C/Info.plist;
				INFOPLIST_KEY_NSCameraUsageDescription = "Uso de camara para fotos y videos";
				INFOPLIST_KEY_NSMicrophoneUsageDescription = "Uso de microfono para audio y video";
				INFOPLIST_KEY_UIApplicationSupportsIndirectInputEvents = YES;
				INFOPLIST_KEY_UILaunchStoryboardName = LaunchScreen.storyboard;
				INFOPLIST_KEY_UIMainStoryboardFile = Main;
				INFOPLIST_KEY_UISupportedInterfaceOrientations = UIInterfaceOrientationPortrait;
				INFOPLIST_KEY_UISupportedInterfaceOrientations_iPad = "UIInterfaceOrientationLandscapeLeft UIInterfaceOrientationLandscapeRight UIInterfaceOrientationPortrait UIInterfaceOrientationPortraitUpsideDown";
				IPHONEOS_DEPLOYMENT_TARGET = 16.0;
				LD_RUNPATH_SEARCH_PATHS = (
					"$(inherited)",
					"@executable_path/Frameworks",
				);
				MARKETING_VERSION = 1.0;
				PRODUCT_BUNDLE_IDENTIFIER = mx.tec.SEL4C.t1;
				PRODUCT_NAME = "$(TARGET_NAME)";
				PROVISIONING_PROFILE_SPECIFIER = "";
				SUPPORTED_PLATFORMS = "iphoneos iphonesimulator";
				SUPPORTS_MACCATALYST = NO;
				SUPPORTS_MAC_DESIGNED_FOR_IPHONE_IPAD = NO;
				SWIFT_EMIT_LOC_STRINGS = YES;
				SWIFT_VERSION = 5.0;
				TARGETED_DEVICE_FAMILY = 1;
			};
			name = Release;
		};
		AF8276992ACE49BD0013DF28 /* Debug */ = {
			isa = XCBuildConfiguration;
			buildSettings = {
				BUNDLE_LOADER = "$(TEST_HOST)";
				CODE_SIGN_STYLE = Automatic;
				CURRENT_PROJECT_VERSION = 1;
				DEVELOPMENT_TEAM = AK54YPU54V;
				GENERATE_INFOPLIST_FILE = YES;
				MARKETING_VERSION = 1.0;
				PRODUCT_BUNDLE_IDENTIFIER = mx.tec.SEL4CTests;
				PRODUCT_NAME = "$(TARGET_NAME)";
				SWIFT_EMIT_LOC_STRINGS = NO;
				SWIFT_VERSION = 5.0;
				TARGETED_DEVICE_FAMILY = "1,2";
				TEST_HOST = "$(BUILT_PRODUCTS_DIR)/SEL4C.app/$(BUNDLE_EXECUTABLE_FOLDER_PATH)/SEL4C";
			};
			name = Debug;
		};
		AF82769A2ACE49BD0013DF28 /* Release */ = {
			isa = XCBuildConfiguration;
			buildSettings = {
				BUNDLE_LOADER = "$(TEST_HOST)";
				CODE_SIGN_STYLE = Automatic;
				CURRENT_PROJECT_VERSION = 1;
				DEVELOPMENT_TEAM = AK54YPU54V;
				GENERATE_INFOPLIST_FILE = YES;
				MARKETING_VERSION = 1.0;
				PRODUCT_BUNDLE_IDENTIFIER = mx.tec.SEL4CTests;
				PRODUCT_NAME = "$(TARGET_NAME)";
				SWIFT_EMIT_LOC_STRINGS = NO;
				SWIFT_VERSION = 5.0;
				TARGETED_DEVICE_FAMILY = "1,2";
				TEST_HOST = "$(BUILT_PRODUCTS_DIR)/SEL4C.app/$(BUNDLE_EXECUTABLE_FOLDER_PATH)/SEL4C";
			};
			name = Release;
		};
/* End XCBuildConfiguration section */

/* Begin XCConfigurationList section */
		AF6BC9212A9BD89800BA5FB1 /* Build configuration list for PBXProject "SEL4C" */ = {
			isa = XCConfigurationList;
			buildConfigurations = (
				AF6BC9382A9BD89900BA5FB1 /* Debug */,
				AF6BC9392A9BD89900BA5FB1 /* Release */,
			);
			defaultConfigurationIsVisible = 0;
			defaultConfigurationName = Release;
		};
		AF6BC93A2A9BD89900BA5FB1 /* Build configuration list for PBXNativeTarget "SEL4C" */ = {
			isa = XCConfigurationList;
			buildConfigurations = (
				AF6BC93B2A9BD89900BA5FB1 /* Debug */,
				AF6BC93C2A9BD89900BA5FB1 /* Release */,
			);
			defaultConfigurationIsVisible = 0;
			defaultConfigurationName = Release;
		};
		AF8276982ACE49BD0013DF28 /* Build configuration list for PBXNativeTarget "SEL4CTests" */ = {
			isa = XCConfigurationList;
			buildConfigurations = (
				AF8276992ACE49BD0013DF28 /* Debug */,
				AF82769A2ACE49BD0013DF28 /* Release */,
			);
			defaultConfigurationIsVisible = 0;
			defaultConfigurationName = Release;
		};
/* End XCConfigurationList section */
	};
	rootObject = AF6BC91E2A9BD89800BA5FB1 /* Project object */;
}
